
Microsoft Visual Studio Solution File, Format Version 12.00
# Visual Studio 15
VisualStudioVersion = 15.0.27703.2026
MinimumVisualStudioVersion = 10.0.40219.1
Project("{FAE04EC0-301F-11D3-BF4B-00C04F79EFBC}") = "WebApp2", "WebApp2\WebApp2.csproj", "{7E1DEA72-275F-4BD9-9B08-B4F3FF9D646C}"
EndProject
Project("{FAE04EC0-301F-11D3-BF4B-00C04F79EFBC}") = "NorthWindSystem", "NorthWindSystem\NorthWindSystem.csproj", "{365761B1-FB24-458F-ACC5-EA01F908D057}"
EndProject
Project("{FAE04EC0-301F-11D3-BF4B-00C04F79EFBC}") = "NorthWindSystem.Data", "NorthWindSystem.Data\NorthWindSystem.Data.csproj", "{CCD1EEE3-13F4-4C18-A77C-BE7076EEF979}"
EndProject
Global
	GlobalSection(SolutionConfigurationPlatforms) = preSolution
		Debug|Any CPU = Debug|Any CPU
		Release|Any CPU = Release|Any CPU
	EndGlobalSection
	GlobalSection(ProjectConfigurationPlatforms) = postSolution
		{7E1DEA72-275F-4BD9-9B08-B4F3FF9D646C}.Debug|Any CPU.ActiveCfg = Debug|Any CPU
		{7E1DEA72-275F-4BD9-9B08-B4F3FF9D646C}.Debug|Any CPU.Build.0 = Debug|Any CPU
		{7E1DEA72-275F-4BD9-9B08-B4F3FF9D646C}.Release|Any CPU.ActiveCfg = Release|Any CPU
		{7E1DEA72-275F-4BD9-9B08-B4F3FF9D646C}.Release|Any CPU.Build.0 = Release|Any CPU
		{365761B1-FB24-458F-ACC5-EA01F908D057}.Debug|Any CPU.ActiveCfg = Debug|Any CPU
		{365761B1-FB24-458F-ACC5-EA01F908D057}.Debug|Any CPU.Build.0 = Debug|Any CPU
		{365761B1-FB24-458F-ACC5-EA01F908D057}.Release|Any CPU.ActiveCfg = Release|Any CPU
		{365761B1-FB24-458F-ACC5-EA01F908D057}.Release|Any CPU.Build.0 = Release|Any CPU
		{CCD1EEE3-13F4-4C18-A77C-BE7076EEF979}.Debug|Any CPU.ActiveCfg = Debug|Any CPU
		{CCD1EEE3-13F4-4C18-A77C-BE7076EEF979}.Debug|Any CPU.Build.0 = Debug|Any CPU
		{CCD1EEE3-13F4-4C18-A77C-BE7076EEF979}.Release|Any CPU.ActiveCfg = Release|Any CPU
		{CCD1EEE3-13F4-4C18-A77C-BE7076EEF979}.Release|Any CPU.Build.0 = Release|Any CPU
	EndGlobalSection
	GlobalSection(SolutionProperties) = preSolution
		HideSolutionNode = FALSE
	EndGlobalSection
	GlobalSection(ExtensibilityGlobals) = postSolution
		SolutionGuid = {88ED2BEF-02D0-40A7-B8FF-50EB8920A20E}
	EndGlobalSection
EndGlobal
